
Microsoft Visual Studio Solution File, Format Version 12.00
# Visual Studio Version 16
VisualStudioVersion = 16.0.30406.217
MinimumVisualStudioVersion = 10.0.40219.1
Project("{9A19103F-16F7-4668-BE54-9A1E7A4F7556}") = "ObserverPattern", "ObserverPattern\ObserverPattern.csproj", "{20F88AD4-A2F7-4610-A866-72B3842A048C}"
EndProject
Project("{9A19103F-16F7-4668-BE54-9A1E7A4F7556}") = "DecoratorPattern", "DecoratorPattern\DecoratorPattern.csproj", "{14E1A664-CCFD-447F-99AB-14EB9D458189}"
EndProject
Project("{2150E333-8FDC-42A3-9474-1A3956D46DE8}") = "Solution Items", "Solution Items", "{9FA8C6DF-70FC-4D26-89AB-52F040A9E238}"
	ProjectSection(SolutionItems) = preProject
		Notes.txt = Notes.txt
	EndProjectSection
EndProject
Project("{FAE04EC0-301F-11D3-BF4B-00C04F79EFBC}") = "FactoryMethodPattern", "FactoryMethodPattern\FactoryMethodPattern.csproj", "{7D780887-10D6-4D9E-9579-D84275D6C04F}"
EndProject
Global
	GlobalSection(SolutionConfigurationPlatforms) = preSolution
		Debug|Any CPU = Debug|Any CPU
		Release|Any CPU = Release|Any CPU
	EndGlobalSection
	GlobalSection(ProjectConfigurationPlatforms) = postSolution
		{20F88AD4-A2F7-4610-A866-72B3842A048C}.Debug|Any CPU.ActiveCfg = Debug|Any CPU
		{20F88AD4-A2F7-4610-A866-72B3842A048C}.Debug|Any CPU.Build.0 = Debug|Any CPU
		{20F88AD4-A2F7-4610-A866-72B3842A048C}.Release|Any CPU.ActiveCfg = Release|Any CPU
		{20F88AD4-A2F7-4610-A866-72B3842A048C}.Release|Any CPU.Build.0 = Release|Any CPU
		{14E1A664-CCFD-447F-99AB-14EB9D458189}.Debug|Any CPU.ActiveCfg = Debug|Any CPU
		{14E1A664-CCFD-447F-99AB-14EB9D458189}.Debug|Any CPU.Build.0 = Debug|Any CPU
		{14E1A664-CCFD-447F-99AB-14EB9D458189}.Release|Any CPU.ActiveCfg = Release|Any CPU
		{14E1A664-CCFD-447F-99AB-14EB9D458189}.Release|Any CPU.Build.0 = Release|Any CPU
		{7D780887-10D6-4D9E-9579-D84275D6C04F}.Debug|Any CPU.ActiveCfg = Debug|Any CPU
		{7D780887-10D6-4D9E-9579-D84275D6C04F}.Debug|Any CPU.Build.0 = Debug|Any CPU
		{7D780887-10D6-4D9E-9579-D84275D6C04F}.Release|Any CPU.ActiveCfg = Release|Any CPU
		{7D780887-10D6-4D9E-9579-D84275D6C04F}.Release|Any CPU.Build.0 = Release|Any CPU
	EndGlobalSection
	GlobalSection(SolutionProperties) = preSolution
		HideSolutionNode = FALSE
	EndGlobalSection
	GlobalSection(ExtensibilityGlobals) = postSolution
		SolutionGuid = {1DCE141E-71DF-4FB9-93C2-53F5DD9F8F9A}
	EndGlobalSection
EndGlobal
